
Microsoft Visual Studio Solution File, Format Version 12.00
# Visual Studio 2012
Project("{FAE04EC0-301F-11D3-BF4B-00C04F79EFBC}") = "yeahMichi2", "yeahMichi2\yeahMichi2.csproj", "{4E8F8F8A-C25D-4EDB-AA9E-2976DFAD8DCE}"
EndProject
Global
	GlobalSection(SolutionConfigurationPlatforms) = preSolution
		Debug|Any CPU = Debug|Any CPU
		Release|Any CPU = Release|Any CPU
	EndGlobalSection
	GlobalSection(ProjectConfigurationPlatforms) = postSolution
		{4E8F8F8A-C25D-4EDB-AA9E-2976DFAD8DCE}.Debug|Any CPU.ActiveCfg = Debug|Any CPU
		{4E8F8F8A-C25D-4EDB-AA9E-2976DFAD8DCE}.Debug|Any CPU.Build.0 = Debug|Any CPU
		{4E8F8F8A-C25D-4EDB-AA9E-2976DFAD8DCE}.Release|Any CPU.ActiveCfg = Release|Any CPU
		{4E8F8F8A-C25D-4EDB-AA9E-2976DFAD8DCE}.Release|Any CPU.Build.0 = Release|Any CPU
	EndGlobalSection
	GlobalSection(SolutionProperties) = preSolution
		HideSolutionNode = FALSE
	EndGlobalSection
EndGlobal
